
Microsoft Visual Studio Solution File, Format Version 12.00
# Visual Studio 15
VisualStudioVersion = 15.0.27703.2018
MinimumVisualStudioVersion = 10.0.40219.1
Project("{FAE04EC0-301F-11D3-BF4B-00C04F79EFBC}") = "AppTaskList_Capstone", "AppTaskList_Capstone\AppTaskList_Capstone.csproj", "{0E095739-7E7B-4391-97F0-F1A3408E6539}"
EndProject
Project("{2150E333-8FDC-42A3-9474-1A3956D46DE8}") = "Solution Items", "Solution Items", "{E7661D5B-03FA-49F9-B35C-E5878480B601}"
	ProjectSection(SolutionItems) = preProject
		.gitignore = .gitignore
	EndProjectSection
EndProject
Global
	GlobalSection(SolutionConfigurationPlatforms) = preSolution
		Debug|Any CPU = Debug|Any CPU
		Release|Any CPU = Release|Any CPU
	EndGlobalSection
	GlobalSection(ProjectConfigurationPlatforms) = postSolution
		{0E095739-7E7B-4391-97F0-F1A3408E6539}.Debug|Any CPU.ActiveCfg = Debug|Any CPU
		{0E095739-7E7B-4391-97F0-F1A3408E6539}.Debug|Any CPU.Build.0 = Debug|Any CPU
		{0E095739-7E7B-4391-97F0-F1A3408E6539}.Release|Any CPU.ActiveCfg = Release|Any CPU
		{0E095739-7E7B-4391-97F0-F1A3408E6539}.Release|Any CPU.Build.0 = Release|Any CPU
	EndGlobalSection
	GlobalSection(SolutionProperties) = preSolution
		HideSolutionNode = FALSE
	EndGlobalSection
	GlobalSection(ExtensibilityGlobals) = postSolution
		SolutionGuid = {C5DCD8B7-CE95-4684-B1CA-CCE164EEFFE4}
	EndGlobalSection
EndGlobal
